
Microsoft Visual Studio Solution File, Format Version 12.00
# Visual Studio Version 16
VisualStudioVersion = 16.0.29911.84
MinimumVisualStudioVersion = 10.0.40219.1
Project("{FAE04EC0-301F-11D3-BF4B-00C04F79EFBC}") = "OmniCRM_Web", "OmniCRM_Web\OmniCRM_Web.csproj", "{8C6D4310-05EC-4E02-BD7C-D7603BA074AE}"
EndProject
Global
	GlobalSection(SolutionConfigurationPlatforms) = preSolution
		Debug|Any CPU = Debug|Any CPU
		Release|Any CPU = Release|Any CPU
	EndGlobalSection
	GlobalSection(ProjectConfigurationPlatforms) = postSolution
		{8C6D4310-05EC-4E02-BD7C-D7603BA074AE}.Debug|Any CPU.ActiveCfg = Debug|Any CPU
		{8C6D4310-05EC-4E02-BD7C-D7603BA074AE}.Debug|Any CPU.Build.0 = Debug|Any CPU
		{8C6D4310-05EC-4E02-BD7C-D7603BA074AE}.Release|Any CPU.ActiveCfg = Release|Any CPU
		{8C6D4310-05EC-4E02-BD7C-D7603BA074AE}.Release|Any CPU.Build.0 = Release|Any CPU
	EndGlobalSection
	GlobalSection(SolutionProperties) = preSolution
		HideSolutionNode = FALSE
	EndGlobalSection
	GlobalSection(ExtensibilityGlobals) = postSolution
		SolutionGuid = {DD1837BF-6715-4C80-8D5E-DC3D59A797C5}
	EndGlobalSection
EndGlobal
